
Microsoft Visual Studio Solution File, Format Version 12.00
Project("{FAE04EC0-301F-11D3-BF4B-00C04F79EFBC}") = "LLMApi", "LLMApi\LLMApi.csproj", "{0C6882A8-B32A-41EA-B570-99BB4EE57887}"
EndProject
Project("{2150E333-8FDC-42A3-9474-1A3956D46DE8}") = "Solution Items", "Solution Items", "{A5312C6A-B10D-47AD-AC8F-7799144D2508}"
	ProjectSection(SolutionItems) = preProject
		compose.yaml = compose.yaml
		.github\workflows\build-test.yml = .github\workflows\build-test.yml
		.github\workflows\publish-nuget.yml = .github\workflows\publish-nuget.yml
		LICENSE = LICENSE
		README.md = README.md
		RELEASE_NOTES.md = RELEASE_NOTES.md
		SIGNALR_DEMO_GUIDE.md = SIGNALR_DEMO_GUIDE.md
		docs\OPENAPI-FEATURES.md = docs\OPENAPI-FEATURES.md
		docs\API-CONTEXTS.md = docs\API-CONTEXTS.md
		docs\GRPC_SUPPORT.md = docs\GRPC_SUPPORT.md
		MODULAR_EXAMPLES.md = MODULAR_EXAMPLES.md
		mostlylucid.mockllmapi\release notes.txt = mostlylucid.mockllmapi\release notes.txt
		CHUNKING_AND_CACHING.md = CHUNKING_AND_CACHING.md
		ChunkingAndCaching.http = ChunkingAndCaching.http
	EndProjectSection
EndProject
Project("{FAE04EC0-301F-11D3-BF4B-00C04F79EFBC}") = "LLMApi.Tests", "LLMApi.Tests\LLMApi.Tests.csproj", "{AF03E1ED-B3C1-4E5A-8848-F17472884CD8}"
EndProject
Project("{FAE04EC0-301F-11D3-BF4B-00C04F79EFBC}") = "mostlylucid.mockllmapi", "mostlylucid.mockllmapi\mostlylucid.mockllmapi.csproj", "{885B1AD9-7B96-4B2E-BDB8-E39F5D267898}"
EndProject
Global
	GlobalSection(SolutionConfigurationPlatforms) = preSolution
		Debug|Any CPU = Debug|Any CPU
		Debug|x64 = Debug|x64
		Debug|x86 = Debug|x86
		Release|Any CPU = Release|Any CPU
		Release|x64 = Release|x64
		Release|x86 = Release|x86
	EndGlobalSection
	GlobalSection(ProjectConfigurationPlatforms) = postSolution
		{0C6882A8-B32A-41EA-B570-99BB4EE57887}.Debug|Any CPU.ActiveCfg = Debug|Any CPU
		{0C6882A8-B32A-41EA-B570-99BB4EE57887}.Debug|Any CPU.Build.0 = Debug|Any CPU
		{0C6882A8-B32A-41EA-B570-99BB4EE57887}.Debug|x64.ActiveCfg = Debug|Any CPU
		{0C6882A8-B32A-41EA-B570-99BB4EE57887}.Debug|x64.Build.0 = Debug|Any CPU
		{0C6882A8-B32A-41EA-B570-99BB4EE57887}.Debug|x86.ActiveCfg = Debug|Any CPU
		{0C6882A8-B32A-41EA-B570-99BB4EE57887}.Debug|x86.Build.0 = Debug|Any CPU
		{0C6882A8-B32A-41EA-B570-99BB4EE57887}.Release|Any CPU.ActiveCfg = Release|Any CPU
		{0C6882A8-B32A-41EA-B570-99BB4EE57887}.Release|Any CPU.Build.0 = Release|Any CPU
		{0C6882A8-B32A-41EA-B570-99BB4EE57887}.Release|x64.ActiveCfg = Release|Any CPU
		{0C6882A8-B32A-41EA-B570-99BB4EE57887}.Release|x64.Build.0 = Release|Any CPU
		{0C6882A8-B32A-41EA-B570-99BB4EE57887}.Release|x86.ActiveCfg = Release|Any CPU
		{0C6882A8-B32A-41EA-B570-99BB4EE57887}.Release|x86.Build.0 = Release|Any CPU
		{AF03E1ED-B3C1-4E5A-8848-F17472884CD8}.Debug|Any CPU.ActiveCfg = Debug|Any CPU
		{AF03E1ED-B3C1-4E5A-8848-F17472884CD8}.Debug|Any CPU.Build.0 = Debug|Any CPU
		{AF03E1ED-B3C1-4E5A-8848-F17472884CD8}.Debug|x64.ActiveCfg = Debug|Any CPU
		{AF03E1ED-B3C1-4E5A-8848-F17472884CD8}.Debug|x64.Build.0 = Debug|Any CPU
		{AF03E1ED-B3C1-4E5A-8848-F17472884CD8}.Debug|x86.ActiveCfg = Debug|Any CPU
		{AF03E1ED-B3C1-4E5A-8848-F17472884CD8}.Debug|x86.Build.0 = Debug|Any CPU
		{AF03E1ED-B3C1-4E5A-8848-F17472884CD8}.Release|Any CPU.ActiveCfg = Release|Any CPU
		{AF03E1ED-B3C1-4E5A-8848-F17472884CD8}.Release|Any CPU.Build.0 = Release|Any CPU
		{AF03E1ED-B3C1-4E5A-8848-F17472884CD8}.Release|x64.ActiveCfg = Release|Any CPU
		{AF03E1ED-B3C1-4E5A-8848-F17472884CD8}.Release|x64.Build.0 = Release|Any CPU
		{AF03E1ED-B3C1-4E5A-8848-F17472884CD8}.Release|x86.ActiveCfg = Release|Any CPU
		{AF03E1ED-B3C1-4E5A-8848-F17472884CD8}.Release|x86.Build.0 = Release|Any CPU
		{885B1AD9-7B96-4B2E-BDB8-E39F5D267898}.Debug|Any CPU.ActiveCfg = Debug|Any CPU
		{885B1AD9-7B96-4B2E-BDB8-E39F5D267898}.Debug|Any CPU.Build.0 = Debug|Any CPU
		{885B1AD9-7B96-4B2E-BDB8-E39F5D267898}.Debug|x64.ActiveCfg = Debug|Any CPU
		{885B1AD9-7B96-4B2E-BDB8-E39F5D267898}.Debug|x64.Build.0 = Debug|Any CPU
		{885B1AD9-7B96-4B2E-BDB8-E39F5D267898}.Debug|x86.ActiveCfg = Debug|Any CPU
		{885B1AD9-7B96-4B2E-BDB8-E39F5D267898}.Debug|x86.Build.0 = Debug|Any CPU
		{885B1AD9-7B96-4B2E-BDB8-E39F5D267898}.Release|Any CPU.ActiveCfg = Release|Any CPU
		{885B1AD9-7B96-4B2E-BDB8-E39F5D267898}.Release|Any CPU.Build.0 = Release|Any CPU
		{885B1AD9-7B96-4B2E-BDB8-E39F5D267898}.Release|x64.ActiveCfg = Release|Any CPU
		{885B1AD9-7B96-4B2E-BDB8-E39F5D267898}.Release|x64.Build.0 = Release|Any CPU
		{885B1AD9-7B96-4B2E-BDB8-E39F5D267898}.Release|x86.ActiveCfg = Release|Any CPU
		{885B1AD9-7B96-4B2E-BDB8-E39F5D267898}.Release|x86.Build.0 = Release|Any CPU
	EndGlobalSection
	GlobalSection(SolutionProperties) = preSolution
		HideSolutionNode = FALSE
	EndGlobalSection
EndGlobal
